{
  "nodes": {
    "ctxjs-src": {
      "flake": false,
      "locked": {
        "lastModified": 1780088732,
        "narHash": "sha256-G8ICLBpAZfn7Qwz9qyInhVwlqdfRAjMfLMIsi4kx52Y=",
        "owner": "lublak",
        "repo": "typst-ctxjs-package",
        "rev": "c4c270035bac9a825564ca1257735c704ec8988a",
        "type": "github"
      },
      "original": {
        "owner": "lublak",
        "ref": "v0.5.0",
        "repo": "typst-ctxjs-package",
        "type": "github"
      }
    },
    "nixpkgs": {
      "locked": {
        "lastModified": 1788881743,
        "narHash": "sha256-2V9GZGvPfrNzxFozhI9dcqV+c3QdA8YZrvAAzqEB+dI=",
        "owner": "NixOS",
        "repo": "nixpkgs",
        "rev": "d6524aaca2ff07876657ae2b323f24be4874944b",
        "type": "github"
      },
      "original": {
        "owner": "NixOS",
        "ref": "nixos-unstable",
        "repo": "nixpkgs",
        "type": "github"
      }
    },
    "root": {
      "inputs": {
        "ctxjs-src": "ctxjs-src",
        "nixpkgs": "nixpkgs"
      }
    }
  },
  "root": "root",
  "version": 7
}
